
Microsoft Visual Studio Solution File, Format Version 12.00
# Visual Studio 15
VisualStudioVersion = 15.0.27130.0
MinimumVisualStudioVersion = 10.0.40219.1
Project("{FAE04EC0-301F-11D3-BF4B-00C04F79EFBC}") = "Bridge", "Bridge\Bridge.csproj", "{061EF526-89F6-444E-916D-BF0F499AD68E}"
EndProject
Global
	GlobalSection(SolutionConfigurationPlatforms) = preSolution
		Debug|Any CPU = Debug|Any CPU
		Release|Any CPU = Release|Any CPU
	EndGlobalSection
	GlobalSection(ProjectConfigurationPlatforms) = postSolution
		{061EF526-89F6-444E-916D-BF0F499AD68E}.Debug|Any CPU.ActiveCfg = Debug|Any CPU
		{061EF526-89F6-444E-916D-BF0F499AD68E}.Debug|Any CPU.Build.0 = Debug|Any CPU
		{061EF526-89F6-444E-916D-BF0F499AD68E}.Release|Any CPU.ActiveCfg = Release|Any CPU
		{061EF526-89F6-444E-916D-BF0F499AD68E}.Release|Any CPU.Build.0 = Release|Any CPU
	EndGlobalSection
	GlobalSection(SolutionProperties) = preSolution
		HideSolutionNode = FALSE
	EndGlobalSection
	GlobalSection(ExtensibilityGlobals) = postSolution
		SolutionGuid = {F34BACB9-BD8C-45BD-8F5A-190A468B5315}
	EndGlobalSection
EndGlobal
